
Microsoft Visual Studio Solution File, Format Version 12.00
# Visual Studio 14
VisualStudioVersion = 14.0.25420.1
MinimumVisualStudioVersion = 10.0.40219.1
Project("{FAE04EC0-301F-11D3-BF4B-00C04F79EFBC}") = "DesignPatterns.BuilderExample", "DesignPatterns.BuilderExample\DesignPatterns.BuilderExample.csproj", "{0BB2359E-E79D-465F-9BE1-E961649B6423}"
EndProject
Project("{FAE04EC0-301F-11D3-BF4B-00C04F79EFBC}") = "DesignPatterns.StrategyExample", "DesignPatterns.StrategyExample\DesignPatterns.StrategyExample.csproj", "{91975969-4CA2-4A6B-9BC8-66BAB0CB9CFF}"
EndProject
Project("{FAE04EC0-301F-11D3-BF4B-00C04F79EFBC}") = "DesignPatterns.DecoratorExample", "DesignPatterns.DecoratorExample\DesignPatterns.DecoratorExample.csproj", "{FE6529AE-1CDF-4E31-983E-922FF22016A0}"
EndProject
Project("{FAE04EC0-301F-11D3-BF4B-00C04F79EFBC}") = "DesignPatterns.FactoryMethodExample", "DesignPatterns.FactoryMethodExample\DesignPatterns.FactoryMethodExample.csproj", "{C26DBC78-8F49-4835-B75C-68E6C53F7CD4}"
EndProject
Project("{FAE04EC0-301F-11D3-BF4B-00C04F79EFBC}") = "DesignPatterns.CompositeExample", "DesignPatterns.CompositeExample\DesignPatterns.CompositeExample.csproj", "{DD901353-8467-425F-9C2F-8AA52177083A}"
EndProject
Project("{FAE04EC0-301F-11D3-BF4B-00C04F79EFBC}") = "DesignPatterns.IteratorExample", "DesignPatterns.IteratorExample\DesignPatterns.IteratorExample.csproj", "{FBA690B4-DF69-46C7-A7FD-1592E440D0A8}"
EndProject
Project("{FAE04EC0-301F-11D3-BF4B-00C04F79EFBC}") = "DesignPatterns.TemplateMethodExample", "DesignPatterns.TemplateMethodExample\DesignPatterns.TemplateMethodExample.csproj", "{702509BA-BCDD-4664-8A08-8BB9408935D1}"
EndProject
Project("{FAE04EC0-301F-11D3-BF4B-00C04F79EFBC}") = "DesignPatterns.AbstractFactoryExample", "DesignPatterns.AbstractFactoryExample\DesignPatterns.AbstractFactoryExample.csproj", "{51C82F93-CF9A-459B-8040-237966849C50}"
EndProject
Global
	GlobalSection(SolutionConfigurationPlatforms) = preSolution
		Debug|Any CPU = Debug|Any CPU
		Release|Any CPU = Release|Any CPU
	EndGlobalSection
	GlobalSection(ProjectConfigurationPlatforms) = postSolution
		{0BB2359E-E79D-465F-9BE1-E961649B6423}.Debug|Any CPU.ActiveCfg = Debug|Any CPU
		{0BB2359E-E79D-465F-9BE1-E961649B6423}.Debug|Any CPU.Build.0 = Debug|Any CPU
		{0BB2359E-E79D-465F-9BE1-E961649B6423}.Release|Any CPU.ActiveCfg = Release|Any CPU
		{0BB2359E-E79D-465F-9BE1-E961649B6423}.Release|Any CPU.Build.0 = Release|Any CPU
		{91975969-4CA2-4A6B-9BC8-66BAB0CB9CFF}.Debug|Any CPU.ActiveCfg = Debug|Any CPU
		{91975969-4CA2-4A6B-9BC8-66BAB0CB9CFF}.Debug|Any CPU.Build.0 = Debug|Any CPU
		{91975969-4CA2-4A6B-9BC8-66BAB0CB9CFF}.Release|Any CPU.ActiveCfg = Release|Any CPU
		{91975969-4CA2-4A6B-9BC8-66BAB0CB9CFF}.Release|Any CPU.Build.0 = Release|Any CPU
		{FE6529AE-1CDF-4E31-983E-922FF22016A0}.Debug|Any CPU.ActiveCfg = Debug|Any CPU
		{FE6529AE-1CDF-4E31-983E-922FF22016A0}.Debug|Any CPU.Build.0 = Debug|Any CPU
		{FE6529AE-1CDF-4E31-983E-922FF22016A0}.Release|Any CPU.ActiveCfg = Release|Any CPU
		{FE6529AE-1CDF-4E31-983E-922FF22016A0}.Release|Any CPU.Build.0 = Release|Any CPU
		{C26DBC78-8F49-4835-B75C-68E6C53F7CD4}.Debug|Any CPU.ActiveCfg = Debug|Any CPU
		{C26DBC78-8F49-4835-B75C-68E6C53F7CD4}.Debug|Any CPU.Build.0 = Debug|Any CPU
		{C26DBC78-8F49-4835-B75C-68E6C53F7CD4}.Release|Any CPU.ActiveCfg = Release|Any CPU
		{C26DBC78-8F49-4835-B75C-68E6C53F7CD4}.Release|Any CPU.Build.0 = Release|Any CPU
		{DD901353-8467-425F-9C2F-8AA52177083A}.Debug|Any CPU.ActiveCfg = Debug|Any CPU
		{DD901353-8467-425F-9C2F-8AA52177083A}.Debug|Any CPU.Build.0 = Debug|Any CPU
		{DD901353-8467-425F-9C2F-8AA52177083A}.Release|Any CPU.ActiveCfg = Release|Any CPU
		{DD901353-8467-425F-9C2F-8AA52177083A}.Release|Any CPU.Build.0 = Release|Any CPU
		{FBA690B4-DF69-46C7-A7FD-1592E440D0A8}.Debug|Any CPU.ActiveCfg = Debug|Any CPU
		{FBA690B4-DF69-46C7-A7FD-1592E440D0A8}.Debug|Any CPU.Build.0 = Debug|Any CPU
		{FBA690B4-DF69-46C7-A7FD-1592E440D0A8}.Release|Any CPU.ActiveCfg = Release|Any CPU
		{FBA690B4-DF69-46C7-A7FD-1592E440D0A8}.Release|Any CPU.Build.0 = Release|Any CPU
		{702509BA-BCDD-4664-8A08-8BB9408935D1}.Debug|Any CPU.ActiveCfg = Debug|Any CPU
		{702509BA-BCDD-4664-8A08-8BB9408935D1}.Debug|Any CPU.Build.0 = Debug|Any CPU
		{702509BA-BCDD-4664-8A08-8BB9408935D1}.Release|Any CPU.ActiveCfg = Release|Any CPU
		{702509BA-BCDD-4664-8A08-8BB9408935D1}.Release|Any CPU.Build.0 = Release|Any CPU
		{51C82F93-CF9A-459B-8040-237966849C50}.Debug|Any CPU.ActiveCfg = Debug|Any CPU
		{51C82F93-CF9A-459B-8040-237966849C50}.Debug|Any CPU.Build.0 = Debug|Any CPU
		{51C82F93-CF9A-459B-8040-237966849C50}.Release|Any CPU.ActiveCfg = Release|Any CPU
		{51C82F93-CF9A-459B-8040-237966849C50}.Release|Any CPU.Build.0 = Release|Any CPU
	EndGlobalSection
	GlobalSection(SolutionProperties) = preSolution
		HideSolutionNode = FALSE
	EndGlobalSection
EndGlobal
